# This file is automatically @generated by Cargo.
# It is not intended for manual editing.
version = 3

[[package]]
name = "all"
version = "0.1.0"
dependencies = [
 "bdep",
 "bitflags",
 "devdep",
 "featdep",
 "namedep",
 "oldname",
 "optdep",
 "path-dep",
 "windep",
]

[[package]]
name = "bdep"
version = "0.1.0"

[[package]]
name = "bitflags"
version = "1.0.4"
source = "registry+https://github.com/rust-lang/crates.io-index"
checksum = "228047a76f468627ca71776ecdebd732a3423081fcf5125585bcd7c49886ce12"

[[package]]
name = "devdep"
version = "0.1.0"

[[package]]
name = "featdep"
version = "0.1.0"

[[package]]
name = "namedep"
version = "0.1.0"

[[package]]
name = "oldname"
version = "0.1.0"

[[package]]
name = "optdep"
version = "0.1.0"

[[package]]
name = "path-dep"
version = "0.1.0"

[[package]]
name = "windep"
version = "0.1.0"
